
Microsoft Visual Studio Solution File, Format Version 12.00
# Visual Studio Version 17
VisualStudioVersion = 17.9.34902.65
MinimumVisualStudioVersion = 10.0.40219.1
Project("{FAE04EC0-301F-11D3-BF4B-00C04F79EFBC}") = "Scoring System Management", "Scoring System Management.csproj", "{60686245-115F-421F-8E97-47D3D24C9F68}"
EndProject
Global
	GlobalSection(SolutionConfigurationPlatforms) = preSolution
		Debug|Any CPU = Debug|Any CPU
		Release|Any CPU = Release|Any CPU
	EndGlobalSection
	GlobalSection(ProjectConfigurationPlatforms) = postSolution
		{60686245-115F-421F-8E97-47D3D24C9F68}.Debug|Any CPU.ActiveCfg = Debug|Any CPU
		{60686245-115F-421F-8E97-47D3D24C9F68}.Debug|Any CPU.Build.0 = Debug|Any CPU
		{60686245-115F-421F-8E97-47D3D24C9F68}.Release|Any CPU.ActiveCfg = Release|Any CPU
		{60686245-115F-421F-8E97-47D3D24C9F68}.Release|Any CPU.Build.0 = Release|Any CPU
	EndGlobalSection
	GlobalSection(SolutionProperties) = preSolution
		HideSolutionNode = FALSE
	EndGlobalSection
	GlobalSection(ExtensibilityGlobals) = postSolution
		SolutionGuid = {76F60961-2DE3-437E-AB86-41AD548468C8}
	EndGlobalSection
EndGlobal
